// !$*UTF8*$!
{
	archiveVersion = 1;
	classes = {
	};
	objectVersion = 77;
	objects = {

/* Begin PBXContainerItemProxy section */
		8CE77D892E19B5CB00AF7A09 /* PBXContainerItemProxy */ = {
			isa = PBXContainerItemProxy;
			containerPortal = 8CE77D722E19B5CA00AF7A09 /* Project object */;
			proxyType = 1;
			remoteGlobalIDString = 8CE77D792E19B5CA00AF7A09;
			remoteInfo = Gemi;
		};
		8CE77D932E19B5CB00AF7A09 /* PBXContainerItemProxy */ = {
			isa = PBXContainerItemProxy;
			containerPortal = 8CE77D722E19B5CA00AF7A09 /* Project object */;
			proxyType = 1;
			remoteGlobalIDString = 8CE77D792E19B5CA00AF7A09;
			remoteInfo = Gemi;
		};
/* End PBXContainerItemProxy section */

/* Begin PBXFileReference section */
		8CE77D7A2E19B5CA00AF7A09 /* Gemi.app */ = {isa = PBXFileReference; explicitFileType = wrapper.application; includeInIndex = 0; path = Gemi.app; sourceTree = BUILT_PRODUCTS_DIR; };
		8CE77D882E19B5CB00AF7A09 /* GemiTests.xctest */ = {isa = PBXFileReference; explicitFileType = wrapper.cfbundle; includeInIndex = 0; path = GemiTests.xctest; sourceTree = BUILT_PRODUCTS_DIR; };
		8CE77D922E19B5CB00AF7A09 /* GemiUITests.xctest */ = {isa = PBXFileReference; explicitFileType = wrapper.cfbundle; includeInIndex = 0; path = GemiUITests.xctest; sourceTree = BUILT_PRODUCTS_DIR; };
/* End PBXFileReference section */

/* Begin PBXFileSystemSynchronizedRootGroup section */
		8CE77D7C2E19B5CA00AF7A09 /* Gemi */ = {
			isa = PBXFileSystemSynchronizedRootGroup;
			path = Gemi;
			sourceTree = "<group>";
		};
		8CE77D8B2E19B5CB00AF7A09 /* GemiTests */ = {
			isa = PBXFileSystemSynchronizedRootGroup;
			path = GemiTests;
			sourceTree = "<group>";
		};
		8CE77D952E19B5CB00AF7A09 /* GemiUITests */ = {
			isa = PBXFileSystemSynchronizedRootGroup;
			path = GemiUITests;
			sourceTree = "<group>";
		};
/* End PBXFileSystemSynchronizedRootGroup section */

/* Begin PBXFrameworksBuildPhase section */
		8CE77D772E19B5CA00AF7A09 /* Frameworks */ = {
			isa = PBXFrameworksBuildPhase;
			buildActionMask = 2147483647;
			files = (
			);
			runOnlyForDeploymentPostprocessing = 0;
		};
		8CE77D852E19B5CB00AF7A09 /* Frameworks */ = {
			isa = PBXFrameworksBuildPhase;
			buildActionMask = 2147483647;
			files = (
			);
			runOnlyForDeploymentPostprocessing = 0;
		};
		8CE77D8F2E19B5CB00AF7A09 /* Frameworks */ = {
			isa = PBXFrameworksBuildPhase;
			buildActionMask = 2147483647;
			files = (
			);
			runOnlyForDeploymentPostprocessing = 0;
		};
/* End PBXFrameworksBuildPhase section */

/* Begin PBXGroup section */
		8CE77D712E19B5CA00AF7A09 = {
			isa = PBXGroup;
			children = (
				8CE77D7C2E19B5CA00AF7A09 /* Gemi */,
				8CE77D8B2E19B5CB00AF7A09 /* GemiTests */,
				8CE77D952E19B5CB00AF7A09 /* GemiUITests */,
				8CE77D7B2E19B5CA00AF7A09 /* Products */,
			);
			sourceTree = "<group>";
		};
		8CE77D7B2E19B5CA00AF7A09 /* Products */ = {
			isa = PBXGroup;
			children = (
				8CE77D7A2E19B5CA00AF7A09 /* Gemi.app */,
				8CE77D882E19B5CB00AF7A09 /* GemiTests.xctest */,
				8CE77D922E19B5CB00AF7A09 /* GemiUITests.xctest */,
			);
			name = Products;
			sourceTree = "<group>";
		};
/* End PBXGroup section */

/* Begin PBXNativeTarget section */
		8CE77D792E19B5CA00AF7A09 /* Gemi */ = {
			isa = PBXNativeTarget;
			buildConfigurationList = 8CE77D9C2E19B5CB00AF7A09 /* Build configuration list for PBXNativeTarget "Gemi" */;
			buildPhases = (
				8CE77D762E19B5CA00AF7A09 /* Sources */,
				8CE77D772E19B5CA00AF7A09 /* Frameworks */,
				8CE77D782E19B5CA00AF7A09 /* Resources */,
			);
			buildRules = (
			);
			dependencies = (
			);
			fileSystemSynchronizedGroups = (
				8CE77D7C2E19B5CA00AF7A09 /* Gemi */,
			);
			name = Gemi;
			packageProductDependencies = (
			);
			productName = Gemi;
			productReference = 8CE77D7A2E19B5CA00AF7A09 /* Gemi.app */;
			productType = "com.apple.product-type.application";
		};
		8CE77D872E19B5CB00AF7A09 /* GemiTests */ = {
			isa = PBXNativeTarget;
			buildConfigurationList = 8CE77D9F2E19B5CB00AF7A09 /* Build configuration list for PBXNativeTarget "GemiTests" */;
			buildPhases = (
				8CE77D842E19B5CB00AF7A09 /* Sources */,
				8CE77D852E19B5CB00AF7A09 /* Frameworks */,
				8CE77D862E19B5CB00AF7A09 /* Resources */,
			);
			buildRules = (
			);
			dependencies = (
				8CE77D8A2E19B5CB00AF7A09 /* PBXTargetDependency */,
			);
			fileSystemSynchronizedGroups = (
				8CE77D8B2E19B5CB00AF7A09 /* GemiTests */,
			);
			name = GemiTests;
			packageProductDependencies = (
			);
			productName = GemiTests;
			productReference = 8CE77D882E19B5CB00AF7A09 /* GemiTests.xctest */;
			productType = "com.apple.product-type.bundle.unit-test";
		};
		8CE77D912E19B5CB00AF7A09 /* GemiUITests */ = {
			isa = PBXNativeTarget;
			buildConfigurationList = 8CE77DA22E19B5CB00AF7A09 /* Build configuration list for PBXNativeTarget "GemiUITests" */;
			buildPhases = (
				8CE77D8E2E19B5CB00AF7A09 /* Sources */,
				8CE77D8F2E19B5CB00AF7A09 /* Frameworks */,
				8CE77D902E19B5CB00AF7A09 /* Resources */,
			);
			buildRules = (
			);
			dependencies = (
				8CE77D942E19B5CB00AF7A09 /* PBXTargetDependency */,
			);
			fileSystemSynchronizedGroups = (
				8CE77D952E19B5CB00AF7A09 /* GemiUITests */,
			);
			name = GemiUITests;
			packageProductDependencies = (
			);
			productName = GemiUITests;
			productReference = 8CE77D922E19B5CB00AF7A09 /* GemiUITests.xctest */;
			productType = "com.apple.product-type.bundle.ui-testing";
		};
/* End PBXNativeTarget section */

/* Begin PBXProject section */
		8CE77D722E19B5CA00AF7A09 /* Project object */ = {
			isa = PBXProject;
			attributes = {
				BuildIndependentTargetsInParallel = 1;
				LastSwiftUpdateCheck = 1640;
				LastUpgradeCheck = 1640;
				TargetAttributes = {
					8CE77D792E19B5CA00AF7A09 = {
						CreatedOnToolsVersion = 16.4;
					};
					8CE77D872E19B5CB00AF7A09 = {
						CreatedOnToolsVersion = 16.4;
						TestTargetID = 8CE77D792E19B5CA00AF7A09;
					};
					8CE77D912E19B5CB00AF7A09 = {
						CreatedOnToolsVersion = 16.4;
						TestTargetID = 8CE77D792E19B5CA00AF7A09;
					};
				};
			};
			buildConfigurationList = 8CE77D752E19B5CA00AF7A09 /* Build configuration list for PBXProject "Gemi" */;
			developmentRegion = en;
			hasScannedForEncodings = 0;
			knownRegions = (
				en,
				Base,
			);
			mainGroup = 8CE77D712E19B5CA00AF7A09;
			minimizedProjectReferenceProxies = 1;
			preferredProjectObjectVersion = 77;
			productRefGroup = 8CE77D7B2E19B5CA00AF7A09 /* Products */;
			projectDirPath = "";
			projectRoot = "";
			targets = (
				8CE77D792E19B5CA00AF7A09 /* Gemi */,
				8CE77D872E19B5CB00AF7A09 /* GemiTests */,
				8CE77D912E19B5CB00AF7A09 /* GemiUITests */,
			);
		};
/* End PBXProject section */

/* Begin PBXResourcesBuildPhase section */
		8CE77D782E19B5CA00AF7A09 /* Resources */ = {
			isa = PBXResourcesBuildPhase;
			buildActionMask = 2147483647;
			files = (
			);
			runOnlyForDeploymentPostprocessing = 0;
		};
		8CE77D862E19B5CB00AF7A09 /* Resources */ = {
			isa = PBXResourcesBuildPhase;
			buildActionMask = 2147483647;
			files = (
			);
			runOnlyForDeploymentPostprocessing = 0;
		};
		8CE77D902E19B5CB00AF7A09 /* Resources */ = {
			isa = PBXResourcesBuildPhase;
			buildActionMask = 2147483647;
			files = (
			);
			runOnlyForDeploymentPostprocessing = 0;
		};
/* End PBXResourcesBuildPhase section */

/* Begin PBXSourcesBuildPhase section */
		8CE77D762E19B5CA00AF7A09 /* Sources */ = {
			isa = PBXSourcesBuildPhase;
			buildActionMask = 2147483647;
			files = (
			);
			runOnlyForDeploymentPostprocessing = 0;
		};
		8CE77D842E19B5CB00AF7A09 /* Sources */ = {
			isa = PBXSourcesBuildPhase;
			buildActionMask = 2147483647;
			files = (
			);
			runOnlyForDeploymentPostprocessing = 0;
		};
		8CE77D8E2E19B5CB00AF7A09 /* Sources */ = {
			isa = PBXSourcesBuildPhase;
			buildActionMask = 2147483647;
			files = (
			);
			runOnlyForDeploymentPostprocessing = 0;
		};
/* End PBXSourcesBuildPhase section */

/* Begin PBXTargetDependency section */
		8CE77D8A2E19B5CB00AF7A09 /* PBXTargetDependency */ = {
			isa = PBXTargetDependency;
			target = 8CE77D792E19B5CA00AF7A09 /* Gemi */;
			targetProxy = 8CE77D892E19B5CB00AF7A09 /* PBXContainerItemProxy */;
		};
		8CE77D942E19B5CB00AF7A09 /* PBXTargetDependency */ = {
			isa = PBXTargetDependency;
			target = 8CE77D792E19B5CA00AF7A09 /* Gemi */;
			targetProxy = 8CE77D932E19B5CB00AF7A09 /* PBXContainerItemProxy */;
		};
/* End PBXTargetDependency section */

/* Begin XCBuildConfiguration section */
		8CE77D9A2E19B5CB00AF7A09 /* Debug */ = {
			isa = XCBuildConfiguration;
			buildSettings = {
				ALWAYS_SEARCH_USER_PATHS = NO;
				ASSETCATALOG_COMPILER_GENERATE_SWIFT_ASSET_SYMBOL_EXTENSIONS = YES;
				CLANG_ANALYZER_NONNULL = YES;
				CLANG_ANALYZER_NUMBER_OBJECT_CONVERSION = YES_AGGRESSIVE;
				CLANG_CXX_LANGUAGE_STANDARD = "gnu++20";
				CLANG_ENABLE_MODULES = YES;
				CLANG_ENABLE_OBJC_ARC = YES;
				CLANG_ENABLE_OBJC_WEAK = YES;
				CLANG_WARN_BLOCK_CAPTURE_AUTORELEASING = YES;
				CLANG_WARN_BOOL_CONVERSION = YES;
				CLANG_WARN_COMMA = YES;
				CLANG_WARN_CONSTANT_CONVERSION = YES;
				CLANG_WARN_DEPRECATED_OBJC_IMPLEMENTATIONS = YES;
				CLANG_WARN_DIRECT_OBJC_ISA_USAGE = YES_ERROR;
				CLANG_WARN_DOCUMENTATION_COMMENTS = YES;
				CLANG_WARN_EMPTY_BODY = YES;
				CLANG_WARN_ENUM_CONVERSION = YES;
				CLANG_WARN_INFINITE_RECURSION = YES;
				CLANG_WARN_INT_CONVERSION = YES;
				CLANG_WARN_NON_LITERAL_NULL_CONVERSION = YES;
				CLANG_WARN_OBJC_IMPLICIT_RETAIN_SELF = YES;
				CLANG_WARN_OBJC_LITERAL_CONVERSION = YES;
				CLANG_WARN_OBJC_ROOT_CLASS = YES_ERROR;
				CLANG_WARN_QUOTED_INCLUDE_IN_FRAMEWORK_HEADER = YES;
				CLANG_WARN_RANGE_LOOP_ANALYSIS = YES;
				CLANG_WARN_STRICT_PROTOTYPES = YES;
				CLANG_WARN_SUSPICIOUS_MOVE = YES;
				CLANG_WARN_UNGUARDED_AVAILABILITY = YES_AGGRESSIVE;
				CLANG_WARN_UNREACHABLE_CODE = YES;
				CLANG_WARN__DUPLICATE_METHOD_MATCH = YES;
				COPY_PHASE_STRIP = NO;
				DEBUG_INFORMATION_FORMAT = dwarf;
				DEVELOPMENT_TEAM = 55LK88B3HZ;
				ENABLE_STRICT_OBJC_MSGSEND = YES;
				ENABLE_TESTABILITY = YES;
				ENABLE_USER_SCRIPT_SANDBOXING = YES;
				GCC_C_LANGUAGE_STANDARD = gnu17;
				GCC_DYNAMIC_NO_PIC = NO;
				GCC_NO_COMMON_BLOCKS = YES;
				GCC_OPTIMIZATION_LEVEL = 0;
				GCC_PREPROCESSOR_DEFINITIONS = (
					"DEBUG=1",
					"$(inherited)",
				);
				GCC_WARN_64_TO_32_BIT_CONVERSION = YES;
				GCC_WARN_ABOUT_RETURN_TYPE = YES_ERROR;
				GCC_WARN_UNDECLARED_SELECTOR = YES;
				GCC_WARN_UNINITIALIZED_AUTOS = YES_AGGRESSIVE;
				GCC_WARN_UNUSED_FUNCTION = YES;
				GCC_WARN_UNUSED_VARIABLE = YES;
				LOCALIZATION_PREFERS_STRING_CATALOGS = YES;
				MACOSX_DEPLOYMENT_TARGET = 15.5;
				MTL_ENABLE_DEBUG_INFO = INCLUDE_SOURCE;
				MTL_FAST_MATH = YES;
				ONLY_ACTIVE_ARCH = YES;
				SDKROOT = macosx;
				SWIFT_ACTIVE_COMPILATION_CONDITIONS = "DEBUG $(inherited)";
				SWIFT_OPTIMIZATION_LEVEL = "-Onone";
				SWIFT_STRICT_CONCURRENCY = complete;
			};
			name = Debug;
		};
		8CE77D9B2E19B5CB00AF7A09 /* Release */ = {
			isa = XCBuildConfiguration;
			buildSettings = {
				ALWAYS_SEARCH_USER_PATHS = NO;
				ASSETCATALOG_COMPILER_GENERATE_SWIFT_ASSET_SYMBOL_EXTENSIONS = YES;
				CLANG_ANALYZER_NONNULL = YES;
				CLANG_ANALYZER_NUMBER_OBJECT_CONVERSION = YES_AGGRESSIVE;
				CLANG_CXX_LANGUAGE_STANDARD = "gnu++20";
				CLANG_ENABLE_MODULES = YES;
				CLANG_ENABLE_OBJC_ARC = YES;
				CLANG_ENABLE_OBJC_WEAK = YES;
				CLANG_WARN_BLOCK_CAPTURE_AUTORELEASING = YES;
				CLANG_WARN_BOOL_CONVERSION = YES;
				CLANG_WARN_COMMA = YES;
				CLANG_WARN_CONSTANT_CONVERSION = YES;
				CLANG_WARN_DEPRECATED_OBJC_IMPLEMENTATIONS = YES;
				CLANG_WARN_DIRECT_OBJC_ISA_USAGE = YES_ERROR;
				CLANG_WARN_DOCUMENTATION_COMMENTS = YES;
				CLANG_WARN_EMPTY_BODY = YES;
				CLANG_WARN_ENUM_CONVERSION = YES;
				CLANG_WARN_INFINITE_RECURSION = YES;
				CLANG_WARN_INT_CONVERSION = YES;
				CLANG_WARN_NON_LITERAL_NULL_CONVERSION = YES;
				CLANG_WARN_OBJC_IMPLICIT_RETAIN_SELF = YES;
				CLANG_WARN_OBJC_LITERAL_CONVERSION = YES;
				CLANG_WARN_OBJC_ROOT_CLASS = YES_ERROR;
				CLANG_WARN_QUOTED_INCLUDE_IN_FRAMEWORK_HEADER = YES;
				CLANG_WARN_RANGE_LOOP_ANALYSIS = YES;
				CLANG_WARN_STRICT_PROTOTYPES = YES;
				CLANG_WARN_SUSPICIOUS_MOVE = YES;
				CLANG_WARN_UNGUARDED_AVAILABILITY = YES_AGGRESSIVE;
				CLANG_WARN_UNREACHABLE_CODE = YES;
				CLANG_WARN__DUPLICATE_METHOD_MATCH = YES;
				COPY_PHASE_STRIP = NO;
				DEBUG_INFORMATION_FORMAT = "dwarf-with-dsym";
				DEVELOPMENT_TEAM = 55LK88B3HZ;
				ENABLE_NS_ASSERTIONS = NO;
				ENABLE_STRICT_OBJC_MSGSEND = YES;
				ENABLE_USER_SCRIPT_SANDBOXING = YES;
				GCC_C_LANGUAGE_STANDARD = gnu17;
				GCC_NO_COMMON_BLOCKS = YES;
				GCC_WARN_64_TO_32_BIT_CONVERSION = YES;
				GCC_WARN_ABOUT_RETURN_TYPE = YES_ERROR;
				GCC_WARN_UNDECLARED_SELECTOR = YES;
				GCC_WARN_UNINITIALIZED_AUTOS = YES_AGGRESSIVE;
				GCC_WARN_UNUSED_FUNCTION = YES;
				GCC_WARN_UNUSED_VARIABLE = YES;
				LOCALIZATION_PREFERS_STRING_CATALOGS = YES;
				MACOSX_DEPLOYMENT_TARGET = 15.5;
				MTL_ENABLE_DEBUG_INFO = NO;
				MTL_FAST_MATH = YES;
				SDKROOT = macosx;
				SWIFT_COMPILATION_MODE = wholemodule;
				SWIFT_STRICT_CONCURRENCY = complete;
			};
			name = Release;
		};
		8CE77D9D2E19B5CB00AF7A09 /* Debug */ = {
			isa = XCBuildConfiguration;
			buildSettings = {
				ASSETCATALOG_COMPILER_APPICON_NAME = AppIcon;
				ASSETCATALOG_COMPILER_GLOBAL_ACCENT_COLOR_NAME = AccentColor;
				CODE_SIGN_ENTITLEMENTS = Gemi/Gemi.entitlements;
				CODE_SIGN_STYLE = Automatic;
				COMBINE_HIDPI_IMAGES = YES;
				CURRENT_PROJECT_VERSION = 1;
				DEVELOPMENT_TEAM = 55LK88B3HZ;
				ENABLE_HARDENED_RUNTIME = YES;
				ENABLE_PREVIEWS = YES;
				GENERATE_INFOPLIST_FILE = YES;
				INFOPLIST_KEY_NSHumanReadableCopyright = "";
				LD_RUNPATH_SEARCH_PATHS = (
					"$(inherited)",
					"@executable_path/../Frameworks",
				);
				MARKETING_VERSION = 1.0;
				PRODUCT_BUNDLE_IDENTIFIER = "perpetual-s-Inc.Gemi";
				PRODUCT_NAME = "$(TARGET_NAME)";
				REGISTER_APP_GROUPS = YES;
				SWIFT_EMIT_LOC_STRINGS = YES;
				SWIFT_VERSION = 6.0;
			};
			name = Debug;
		};
		8CE77D9E2E19B5CB00AF7A09 /* Release */ = {
			isa = XCBuildConfiguration;
			buildSettings = {
				ASSETCATALOG_COMPILER_APPICON_NAME = AppIcon;
				ASSETCATALOG_COMPILER_GLOBAL_ACCENT_COLOR_NAME = AccentColor;
				CODE_SIGN_ENTITLEMENTS = Gemi/Gemi.entitlements;
				CODE_SIGN_STYLE = Automatic;
				COMBINE_HIDPI_IMAGES = YES;
				CURRENT_PROJECT_VERSION = 1;
				DEVELOPMENT_TEAM = 55LK88B3HZ;
				ENABLE_HARDENED_RUNTIME = YES;
				ENABLE_PREVIEWS = YES;
				GENERATE_INFOPLIST_FILE = YES;
				INFOPLIST_KEY_NSHumanReadableCopyright = "";
				LD_RUNPATH_SEARCH_PATHS = (
					"$(inherited)",
					"@executable_path/../Frameworks",
				);
				MARKETING_VERSION = 1.0;
				PRODUCT_BUNDLE_IDENTIFIER = "perpetual-s-Inc.Gemi";
				PRODUCT_NAME = "$(TARGET_NAME)";
				REGISTER_APP_GROUPS = YES;
				SWIFT_EMIT_LOC_STRINGS = YES;
				SWIFT_VERSION = 6.0;
			};
			name = Release;
		};
		8CE77DA02E19B5CB00AF7A09 /* Debug */ = {
			isa = XCBuildConfiguration;
			buildSettings = {
				BUNDLE_LOADER = "$(TEST_HOST)";
				CODE_SIGN_STYLE = Automatic;
				CURRENT_PROJECT_VERSION = 1;
				DEVELOPMENT_TEAM = 55LK88B3HZ;
				GENERATE_INFOPLIST_FILE = YES;
				MACOSX_DEPLOYMENT_TARGET = 15.5;
				MARKETING_VERSION = 1.0;
				PRODUCT_BUNDLE_IDENTIFIER = "perpetual-s-Inc.GemiTests";
				PRODUCT_NAME = "$(TARGET_NAME)";
				SWIFT_EMIT_LOC_STRINGS = NO;
				SWIFT_VERSION = 6.0;
				TEST_HOST = "$(BUILT_PRODUCTS_DIR)/Gemi.app/$(BUNDLE_EXECUTABLE_FOLDER_PATH)/Gemi";
			};
			name = Debug;
		};
		8CE77DA12E19B5CB00AF7A09 /* Release */ = {
			isa = XCBuildConfiguration;
			buildSettings = {
				BUNDLE_LOADER = "$(TEST_HOST)";
				CODE_SIGN_STYLE = Automatic;
				CURRENT_PROJECT_VERSION = 1;
				DEVELOPMENT_TEAM = 55LK88B3HZ;
				GENERATE_INFOPLIST_FILE = YES;
				MACOSX_DEPLOYMENT_TARGET = 15.5;
				MARKETING_VERSION = 1.0;
				PRODUCT_BUNDLE_IDENTIFIER = "perpetual-s-Inc.GemiTests";
				PRODUCT_NAME = "$(TARGET_NAME)";
				SWIFT_EMIT_LOC_STRINGS = NO;
				SWIFT_VERSION = 6.0;
				TEST_HOST = "$(BUILT_PRODUCTS_DIR)/Gemi.app/$(BUNDLE_EXECUTABLE_FOLDER_PATH)/Gemi";
			};
			name = Release;
		};
		8CE77DA32E19B5CB00AF7A09 /* Debug */ = {
			isa = XCBuildConfiguration;
			buildSettings = {
				CODE_SIGN_STYLE = Automatic;
				CURRENT_PROJECT_VERSION = 1;
				DEVELOPMENT_TEAM = 55LK88B3HZ;
				GENERATE_INFOPLIST_FILE = YES;
				MARKETING_VERSION = 1.0;
				PRODUCT_BUNDLE_IDENTIFIER = "perpetual-s-Inc.GemiUITests";
				PRODUCT_NAME = "$(TARGET_NAME)";
				SWIFT_EMIT_LOC_STRINGS = NO;
				SWIFT_VERSION = 6.0;
				TEST_TARGET_NAME = Gemi;
			};
			name = Debug;
		};
		8CE77DA42E19B5CB00AF7A09 /* Release */ = {
			isa = XCBuildConfiguration;
			buildSettings = {
				CODE_SIGN_STYLE = Automatic;
				CURRENT_PROJECT_VERSION = 1;
				DEVELOPMENT_TEAM = 55LK88B3HZ;
				GENERATE_INFOPLIST_FILE = YES;
				MARKETING_VERSION = 1.0;
				PRODUCT_BUNDLE_IDENTIFIER = "perpetual-s-Inc.GemiUITests";
				PRODUCT_NAME = "$(TARGET_NAME)";
				SWIFT_EMIT_LOC_STRINGS = NO;
				SWIFT_VERSION = 6.0;
				TEST_TARGET_NAME = Gemi;
			};
			name = Release;
		};
/* End XCBuildConfiguration section */

/* Begin XCConfigurationList section */
		8CE77D752E19B5CA00AF7A09 /* Build configuration list for PBXProject "Gemi" */ = {
			isa = XCConfigurationList;
			buildConfigurations = (
				8CE77D9A2E19B5CB00AF7A09 /* Debug */,
				8CE77D9B2E19B5CB00AF7A09 /* Release */,
			);
			defaultConfigurationIsVisible = 0;
			defaultConfigurationName = Release;
		};
		8CE77D9C2E19B5CB00AF7A09 /* Build configuration list for PBXNativeTarget "Gemi" */ = {
			isa = XCConfigurationList;
			buildConfigurations = (
				8CE77D9D2E19B5CB00AF7A09 /* Debug */,
				8CE77D9E2E19B5CB00AF7A09 /* Release */,
			);
			defaultConfigurationIsVisible = 0;
			defaultConfigurationName = Release;
		};
		8CE77D9F2E19B5CB00AF7A09 /* Build configuration list for PBXNativeTarget "GemiTests" */ = {
			isa = XCConfigurationList;
			buildConfigurations = (
				8CE77DA02E19B5CB00AF7A09 /* Debug */,
				8CE77DA12E19B5CB00AF7A09 /* Release */,
			);
			defaultConfigurationIsVisible = 0;
			defaultConfigurationName = Release;
		};
		8CE77DA22E19B5CB00AF7A09 /* Build configuration list for PBXNativeTarget "GemiUITests" */ = {
			isa = XCConfigurationList;
			buildConfigurations = (
				8CE77DA32E19B5CB00AF7A09 /* Debug */,
				8CE77DA42E19B5CB00AF7A09 /* Release */,
			);
			defaultConfigurationIsVisible = 0;
			defaultConfigurationName = Release;
		};
/* End XCConfigurationList section */
	};
	rootObject = 8CE77D722E19B5CA00AF7A09 /* Project object */;
}
