// !$*UTF8*$!
{
	archiveVersion = 1;
	classes = {
	};
	objectVersion = 77;
	objects = {

/* Begin PBXContainerItemProxy section */
		8C5A7DA12E10D1EE00FEAA52 /* PBXContainerItemProxy */ = {
			isa = PBXContainerItemProxy;
			containerPortal = 8C5A7D8A2E10D1ED00FEAA52 /* Project object */;
			proxyType = 1;
			remoteGlobalIDString = 8C5A7D912E10D1ED00FEAA52;
			remoteInfo = Gemi;
		};
		8C5A7DAB2E10D1EE00FEAA52 /* PBXContainerItemProxy */ = {
			isa = PBXContainerItemProxy;
			containerPortal = 8C5A7D8A2E10D1ED00FEAA52 /* Project object */;
			proxyType = 1;
			remoteGlobalIDString = 8C5A7D912E10D1ED00FEAA52;
			remoteInfo = Gemi;
		};
/* End PBXContainerItemProxy section */

/* Begin PBXFileReference section */
		8C5A7D922E10D1ED00FEAA52 /* Gemi.app */ = {isa = PBXFileReference; explicitFileType = wrapper.application; includeInIndex = 0; path = Gemi.app; sourceTree = BUILT_PRODUCTS_DIR; };
		8C5A7DA02E10D1EE00FEAA52 /* GemiTests.xctest */ = {isa = PBXFileReference; explicitFileType = wrapper.cfbundle; includeInIndex = 0; path = GemiTests.xctest; sourceTree = BUILT_PRODUCTS_DIR; };
		8C5A7DAA2E10D1EE00FEAA52 /* GemiUITests.xctest */ = {isa = PBXFileReference; explicitFileType = wrapper.cfbundle; includeInIndex = 0; path = GemiUITests.xctest; sourceTree = BUILT_PRODUCTS_DIR; };
/* End PBXFileReference section */

/* Begin PBXFileSystemSynchronizedRootGroup section */
		8C5A7D942E10D1ED00FEAA52 /* Gemi */ = {
			isa = PBXFileSystemSynchronizedRootGroup;
			path = Gemi;
			sourceTree = "<group>";
		};
		8C5A7DA32E10D1EE00FEAA52 /* GemiTests */ = {
			isa = PBXFileSystemSynchronizedRootGroup;
			path = GemiTests;
			sourceTree = "<group>";
		};
		8C5A7DAD2E10D1EE00FEAA52 /* GemiUITests */ = {
			isa = PBXFileSystemSynchronizedRootGroup;
			path = GemiUITests;
			sourceTree = "<group>";
		};
/* End PBXFileSystemSynchronizedRootGroup section */

/* Begin PBXFrameworksBuildPhase section */
		8C5A7D8F2E10D1ED00FEAA52 /* Frameworks */ = {
			isa = PBXFrameworksBuildPhase;
			buildActionMask = 2147483647;
			files = (
			);
			runOnlyForDeploymentPostprocessing = 0;
		};
		8C5A7D9D2E10D1EE00FEAA52 /* Frameworks */ = {
			isa = PBXFrameworksBuildPhase;
			buildActionMask = 2147483647;
			files = (
			);
			runOnlyForDeploymentPostprocessing = 0;
		};
		8C5A7DA72E10D1EE00FEAA52 /* Frameworks */ = {
			isa = PBXFrameworksBuildPhase;
			buildActionMask = 2147483647;
			files = (
			);
			runOnlyForDeploymentPostprocessing = 0;
		};
/* End PBXFrameworksBuildPhase section */

/* Begin PBXGroup section */
		8C5A7D892E10D1ED00FEAA52 = {
			isa = PBXGroup;
			children = (
				8C5A7D942E10D1ED00FEAA52 /* Gemi */,
				8C5A7DA32E10D1EE00FEAA52 /* GemiTests */,
				8C5A7DAD2E10D1EE00FEAA52 /* GemiUITests */,
				8C5A7D932E10D1ED00FEAA52 /* Products */,
			);
			sourceTree = "<group>";
		};
		8C5A7D932E10D1ED00FEAA52 /* Products */ = {
			isa = PBXGroup;
			children = (
				8C5A7D922E10D1ED00FEAA52 /* Gemi.app */,
				8C5A7DA02E10D1EE00FEAA52 /* GemiTests.xctest */,
				8C5A7DAA2E10D1EE00FEAA52 /* GemiUITests.xctest */,
			);
			name = Products;
			sourceTree = "<group>";
		};
/* End PBXGroup section */

/* Begin PBXNativeTarget section */
		8C5A7D912E10D1ED00FEAA52 /* Gemi */ = {
			isa = PBXNativeTarget;
			buildConfigurationList = 8C5A7DB42E10D1EE00FEAA52 /* Build configuration list for PBXNativeTarget "Gemi" */;
			buildPhases = (
				8C5A7D8E2E10D1ED00FEAA52 /* Sources */,
				8C5A7D8F2E10D1ED00FEAA52 /* Frameworks */,
				8C5A7D902E10D1ED00FEAA52 /* Resources */,
			);
			buildRules = (
			);
			dependencies = (
			);
			fileSystemSynchronizedGroups = (
				8C5A7D942E10D1ED00FEAA52 /* Gemi */,
			);
			name = Gemi;
			packageProductDependencies = (
			);
			productName = Gemi;
			productReference = 8C5A7D922E10D1ED00FEAA52 /* Gemi.app */;
			productType = "com.apple.product-type.application";
		};
		8C5A7D9F2E10D1EE00FEAA52 /* GemiTests */ = {
			isa = PBXNativeTarget;
			buildConfigurationList = 8C5A7DB72E10D1EE00FEAA52 /* Build configuration list for PBXNativeTarget "GemiTests" */;
			buildPhases = (
				8C5A7D9C2E10D1EE00FEAA52 /* Sources */,
				8C5A7D9D2E10D1EE00FEAA52 /* Frameworks */,
				8C5A7D9E2E10D1EE00FEAA52 /* Resources */,
			);
			buildRules = (
			);
			dependencies = (
				8C5A7DA22E10D1EE00FEAA52 /* PBXTargetDependency */,
			);
			fileSystemSynchronizedGroups = (
				8C5A7DA32E10D1EE00FEAA52 /* GemiTests */,
			);
			name = GemiTests;
			packageProductDependencies = (
			);
			productName = GemiTests;
			productReference = 8C5A7DA02E10D1EE00FEAA52 /* GemiTests.xctest */;
			productType = "com.apple.product-type.bundle.unit-test";
		};
		8C5A7DA92E10D1EE00FEAA52 /* GemiUITests */ = {
			isa = PBXNativeTarget;
			buildConfigurationList = 8C5A7DBA2E10D1EE00FEAA52 /* Build configuration list for PBXNativeTarget "GemiUITests" */;
			buildPhases = (
				8C5A7DA62E10D1EE00FEAA52 /* Sources */,
				8C5A7DA72E10D1EE00FEAA52 /* Frameworks */,
				8C5A7DA82E10D1EE00FEAA52 /* Resources */,
			);
			buildRules = (
			);
			dependencies = (
				8C5A7DAC2E10D1EE00FEAA52 /* PBXTargetDependency */,
			);
			fileSystemSynchronizedGroups = (
				8C5A7DAD2E10D1EE00FEAA52 /* GemiUITests */,
			);
			name = GemiUITests;
			packageProductDependencies = (
			);
			productName = GemiUITests;
			productReference = 8C5A7DAA2E10D1EE00FEAA52 /* GemiUITests.xctest */;
			productType = "com.apple.product-type.bundle.ui-testing";
		};
/* End PBXNativeTarget section */

/* Begin PBXProject section */
		8C5A7D8A2E10D1ED00FEAA52 /* Project object */ = {
			isa = PBXProject;
			attributes = {
				BuildIndependentTargetsInParallel = 1;
				LastSwiftUpdateCheck = 1640;
				LastUpgradeCheck = 1640;
				TargetAttributes = {
					8C5A7D912E10D1ED00FEAA52 = {
						CreatedOnToolsVersion = 16.4;
					};
					8C5A7D9F2E10D1EE00FEAA52 = {
						CreatedOnToolsVersion = 16.4;
						TestTargetID = 8C5A7D912E10D1ED00FEAA52;
					};
					8C5A7DA92E10D1EE00FEAA52 = {
						CreatedOnToolsVersion = 16.4;
						TestTargetID = 8C5A7D912E10D1ED00FEAA52;
					};
				};
			};
			buildConfigurationList = 8C5A7D8D2E10D1ED00FEAA52 /* Build configuration list for PBXProject "Gemi" */;
			developmentRegion = en;
			hasScannedForEncodings = 0;
			knownRegions = (
				en,
				Base,
			);
			mainGroup = 8C5A7D892E10D1ED00FEAA52;
			minimizedProjectReferenceProxies = 1;
			preferredProjectObjectVersion = 77;
			productRefGroup = 8C5A7D932E10D1ED00FEAA52 /* Products */;
			projectDirPath = "";
			projectRoot = "";
			targets = (
				8C5A7D912E10D1ED00FEAA52 /* Gemi */,
				8C5A7D9F2E10D1EE00FEAA52 /* GemiTests */,
				8C5A7DA92E10D1EE00FEAA52 /* GemiUITests */,
			);
		};
/* End PBXProject section */

/* Begin PBXResourcesBuildPhase section */
		8C5A7D902E10D1ED00FEAA52 /* Resources */ = {
			isa = PBXResourcesBuildPhase;
			buildActionMask = 2147483647;
			files = (
			);
			runOnlyForDeploymentPostprocessing = 0;
		};
		8C5A7D9E2E10D1EE00FEAA52 /* Resources */ = {
			isa = PBXResourcesBuildPhase;
			buildActionMask = 2147483647;
			files = (
			);
			runOnlyForDeploymentPostprocessing = 0;
		};
		8C5A7DA82E10D1EE00FEAA52 /* Resources */ = {
			isa = PBXResourcesBuildPhase;
			buildActionMask = 2147483647;
			files = (
			);
			runOnlyForDeploymentPostprocessing = 0;
		};
/* End PBXResourcesBuildPhase section */

/* Begin PBXSourcesBuildPhase section */
		8C5A7D8E2E10D1ED00FEAA52 /* Sources */ = {
			isa = PBXSourcesBuildPhase;
			buildActionMask = 2147483647;
			files = (
			);
			runOnlyForDeploymentPostprocessing = 0;
		};
		8C5A7D9C2E10D1EE00FEAA52 /* Sources */ = {
			isa = PBXSourcesBuildPhase;
			buildActionMask = 2147483647;
			files = (
			);
			runOnlyForDeploymentPostprocessing = 0;
		};
		8C5A7DA62E10D1EE00FEAA52 /* Sources */ = {
			isa = PBXSourcesBuildPhase;
			buildActionMask = 2147483647;
			files = (
			);
			runOnlyForDeploymentPostprocessing = 0;
		};
/* End PBXSourcesBuildPhase section */

/* Begin PBXTargetDependency section */
		8C5A7DA22E10D1EE00FEAA52 /* PBXTargetDependency */ = {
			isa = PBXTargetDependency;
			target = 8C5A7D912E10D1ED00FEAA52 /* Gemi */;
			targetProxy = 8C5A7DA12E10D1EE00FEAA52 /* PBXContainerItemProxy */;
		};
		8C5A7DAC2E10D1EE00FEAA52 /* PBXTargetDependency */ = {
			isa = PBXTargetDependency;
			target = 8C5A7D912E10D1ED00FEAA52 /* Gemi */;
			targetProxy = 8C5A7DAB2E10D1EE00FEAA52 /* PBXContainerItemProxy */;
		};
/* End PBXTargetDependency section */

/* Begin XCBuildConfiguration section */
		8C5A7DB22E10D1EE00FEAA52 /* Debug */ = {
			isa = XCBuildConfiguration;
			buildSettings = {
				ALWAYS_SEARCH_USER_PATHS = NO;
				ASSETCATALOG_COMPILER_GENERATE_SWIFT_ASSET_SYMBOL_EXTENSIONS = YES;
				CLANG_ANALYZER_NONNULL = YES;
				CLANG_ANALYZER_NUMBER_OBJECT_CONVERSION = YES_AGGRESSIVE;
				CLANG_CXX_LANGUAGE_STANDARD = "gnu++20";
				CLANG_ENABLE_MODULES = YES;
				CLANG_ENABLE_OBJC_ARC = YES;
				CLANG_ENABLE_OBJC_WEAK = YES;
				CLANG_WARN_BLOCK_CAPTURE_AUTORELEASING = YES;
				CLANG_WARN_BOOL_CONVERSION = YES;
				CLANG_WARN_COMMA = YES;
				CLANG_WARN_CONSTANT_CONVERSION = YES;
				CLANG_WARN_DEPRECATED_OBJC_IMPLEMENTATIONS = YES;
				CLANG_WARN_DIRECT_OBJC_ISA_USAGE = YES_ERROR;
				CLANG_WARN_DOCUMENTATION_COMMENTS = YES;
				CLANG_WARN_EMPTY_BODY = YES;
				CLANG_WARN_ENUM_CONVERSION = YES;
				CLANG_WARN_INFINITE_RECURSION = YES;
				CLANG_WARN_INT_CONVERSION = YES;
				CLANG_WARN_NON_LITERAL_NULL_CONVERSION = YES;
				CLANG_WARN_OBJC_IMPLICIT_RETAIN_SELF = YES;
				CLANG_WARN_OBJC_LITERAL_CONVERSION = YES;
				CLANG_WARN_OBJC_ROOT_CLASS = YES_ERROR;
				CLANG_WARN_QUOTED_INCLUDE_IN_FRAMEWORK_HEADER = YES;
				CLANG_WARN_RANGE_LOOP_ANALYSIS = YES;
				CLANG_WARN_STRICT_PROTOTYPES = YES;
				CLANG_WARN_SUSPICIOUS_MOVE = YES;
				CLANG_WARN_UNGUARDED_AVAILABILITY = YES_AGGRESSIVE;
				CLANG_WARN_UNREACHABLE_CODE = YES;
				CLANG_WARN__DUPLICATE_METHOD_MATCH = YES;
				COPY_PHASE_STRIP = NO;
				DEBUG_INFORMATION_FORMAT = dwarf;
				ENABLE_STRICT_OBJC_MSGSEND = YES;
				ENABLE_TESTABILITY = YES;
				ENABLE_USER_SCRIPT_SANDBOXING = YES;
				GCC_C_LANGUAGE_STANDARD = gnu17;
				GCC_DYNAMIC_NO_PIC = NO;
				GCC_NO_COMMON_BLOCKS = YES;
				GCC_OPTIMIZATION_LEVEL = 0;
				GCC_PREPROCESSOR_DEFINITIONS = (
					"DEBUG=1",
					"$(inherited)",
				);
				GCC_WARN_64_TO_32_BIT_CONVERSION = YES;
				GCC_WARN_ABOUT_RETURN_TYPE = YES_ERROR;
				GCC_WARN_UNDECLARED_SELECTOR = YES;
				GCC_WARN_UNINITIALIZED_AUTOS = YES_AGGRESSIVE;
				GCC_WARN_UNUSED_FUNCTION = YES;
				GCC_WARN_UNUSED_VARIABLE = YES;
				LOCALIZATION_PREFERS_STRING_CATALOGS = YES;
				MACOSX_DEPLOYMENT_TARGET = 15.5;
				MTL_ENABLE_DEBUG_INFO = INCLUDE_SOURCE;
				MTL_FAST_MATH = YES;
				ONLY_ACTIVE_ARCH = YES;
				SDKROOT = macosx;
				SWIFT_ACTIVE_COMPILATION_CONDITIONS = "DEBUG $(inherited)";
				SWIFT_OPTIMIZATION_LEVEL = "-Onone";
			};
			name = Debug;
		};
		8C5A7DB32E10D1EE00FEAA52 /* Release */ = {
			isa = XCBuildConfiguration;
			buildSettings = {
				ALWAYS_SEARCH_USER_PATHS = NO;
				ASSETCATALOG_COMPILER_GENERATE_SWIFT_ASSET_SYMBOL_EXTENSIONS = YES;
				CLANG_ANALYZER_NONNULL = YES;
				CLANG_ANALYZER_NUMBER_OBJECT_CONVERSION = YES_AGGRESSIVE;
				CLANG_CXX_LANGUAGE_STANDARD = "gnu++20";
				CLANG_ENABLE_MODULES = YES;
				CLANG_ENABLE_OBJC_ARC = YES;
				CLANG_ENABLE_OBJC_WEAK = YES;
				CLANG_WARN_BLOCK_CAPTURE_AUTORELEASING = YES;
				CLANG_WARN_BOOL_CONVERSION = YES;
				CLANG_WARN_COMMA = YES;
				CLANG_WARN_CONSTANT_CONVERSION = YES;
				CLANG_WARN_DEPRECATED_OBJC_IMPLEMENTATIONS = YES;
				CLANG_WARN_DIRECT_OBJC_ISA_USAGE = YES_ERROR;
				CLANG_WARN_DOCUMENTATION_COMMENTS = YES;
				CLANG_WARN_EMPTY_BODY = YES;
				CLANG_WARN_ENUM_CONVERSION = YES;
				CLANG_WARN_INFINITE_RECURSION = YES;
				CLANG_WARN_INT_CONVERSION = YES;
				CLANG_WARN_NON_LITERAL_NULL_CONVERSION = YES;
				CLANG_WARN_OBJC_IMPLICIT_RETAIN_SELF = YES;
				CLANG_WARN_OBJC_LITERAL_CONVERSION = YES;
				CLANG_WARN_OBJC_ROOT_CLASS = YES_ERROR;
				CLANG_WARN_QUOTED_INCLUDE_IN_FRAMEWORK_HEADER = YES;
				CLANG_WARN_RANGE_LOOP_ANALYSIS = YES;
				CLANG_WARN_STRICT_PROTOTYPES = YES;
				CLANG_WARN_SUSPICIOUS_MOVE = YES;
				CLANG_WARN_UNGUARDED_AVAILABILITY = YES_AGGRESSIVE;
				CLANG_WARN_UNREACHABLE_CODE = YES;
				CLANG_WARN__DUPLICATE_METHOD_MATCH = YES;
				COPY_PHASE_STRIP = NO;
				DEBUG_INFORMATION_FORMAT = "dwarf-with-dsym";
				ENABLE_NS_ASSERTIONS = NO;
				ENABLE_STRICT_OBJC_MSGSEND = YES;
				ENABLE_USER_SCRIPT_SANDBOXING = YES;
				GCC_C_LANGUAGE_STANDARD = gnu17;
				GCC_NO_COMMON_BLOCKS = YES;
				GCC_WARN_64_TO_32_BIT_CONVERSION = YES;
				GCC_WARN_ABOUT_RETURN_TYPE = YES_ERROR;
				GCC_WARN_UNDECLARED_SELECTOR = YES;
				GCC_WARN_UNINITIALIZED_AUTOS = YES_AGGRESSIVE;
				GCC_WARN_UNUSED_FUNCTION = YES;
				GCC_WARN_UNUSED_VARIABLE = YES;
				LOCALIZATION_PREFERS_STRING_CATALOGS = YES;
				MACOSX_DEPLOYMENT_TARGET = 15.5;
				MTL_ENABLE_DEBUG_INFO = NO;
				MTL_FAST_MATH = YES;
				SDKROOT = macosx;
				SWIFT_COMPILATION_MODE = wholemodule;
			};
			name = Release;
		};
		8C5A7DB52E10D1EE00FEAA52 /* Debug */ = {
			isa = XCBuildConfiguration;
			buildSettings = {
				ASSETCATALOG_COMPILER_APPICON_NAME = AppIcon;
				ASSETCATALOG_COMPILER_GLOBAL_ACCENT_COLOR_NAME = AccentColor;
				CODE_SIGN_ENTITLEMENTS = Gemi/Gemi.entitlements;
				CODE_SIGN_STYLE = Automatic;
				COMBINE_HIDPI_IMAGES = YES;
				CURRENT_PROJECT_VERSION = 1;
				ENABLE_PREVIEWS = YES;
				GENERATE_INFOPLIST_FILE = YES;
				INFOPLIST_KEY_NSHumanReadableCopyright = "";
				LD_RUNPATH_SEARCH_PATHS = (
					"$(inherited)",
					"@executable_path/../Frameworks",
				);
				MARKETING_VERSION = 1.0;
				PRODUCT_BUNDLE_IDENTIFIER = "perpetual-s-Inc.Gemi";
				PRODUCT_NAME = "$(TARGET_NAME)";
				REGISTER_APP_GROUPS = YES;
				SWIFT_EMIT_LOC_STRINGS = YES;
				SWIFT_VERSION = 5.0;
			};
			name = Debug;
		};
		8C5A7DB62E10D1EE00FEAA52 /* Release */ = {
			isa = XCBuildConfiguration;
			buildSettings = {
				ASSETCATALOG_COMPILER_APPICON_NAME = AppIcon;
				ASSETCATALOG_COMPILER_GLOBAL_ACCENT_COLOR_NAME = AccentColor;
				CODE_SIGN_ENTITLEMENTS = Gemi/Gemi.entitlements;
				CODE_SIGN_STYLE = Automatic;
				COMBINE_HIDPI_IMAGES = YES;
				CURRENT_PROJECT_VERSION = 1;
				ENABLE_PREVIEWS = YES;
				GENERATE_INFOPLIST_FILE = YES;
				INFOPLIST_KEY_NSHumanReadableCopyright = "";
				LD_RUNPATH_SEARCH_PATHS = (
					"$(inherited)",
					"@executable_path/../Frameworks",
				);
				MARKETING_VERSION = 1.0;
				PRODUCT_BUNDLE_IDENTIFIER = "perpetual-s-Inc.Gemi";
				PRODUCT_NAME = "$(TARGET_NAME)";
				REGISTER_APP_GROUPS = YES;
				SWIFT_EMIT_LOC_STRINGS = YES;
				SWIFT_VERSION = 5.0;
			};
			name = Release;
		};
		8C5A7DB82E10D1EE00FEAA52 /* Debug */ = {
			isa = XCBuildConfiguration;
			buildSettings = {
				BUNDLE_LOADER = "$(TEST_HOST)";
				CODE_SIGN_STYLE = Automatic;
				CURRENT_PROJECT_VERSION = 1;
				GENERATE_INFOPLIST_FILE = YES;
				MACOSX_DEPLOYMENT_TARGET = 15.5;
				MARKETING_VERSION = 1.0;
				PRODUCT_BUNDLE_IDENTIFIER = "perpetual-s-Inc.GemiTests";
				PRODUCT_NAME = "$(TARGET_NAME)";
				SWIFT_EMIT_LOC_STRINGS = NO;
				SWIFT_VERSION = 5.0;
				TEST_HOST = "$(BUILT_PRODUCTS_DIR)/Gemi.app/$(BUNDLE_EXECUTABLE_FOLDER_PATH)/Gemi";
			};
			name = Debug;
		};
		8C5A7DB92E10D1EE00FEAA52 /* Release */ = {
			isa = XCBuildConfiguration;
			buildSettings = {
				BUNDLE_LOADER = "$(TEST_HOST)";
				CODE_SIGN_STYLE = Automatic;
				CURRENT_PROJECT_VERSION = 1;
				GENERATE_INFOPLIST_FILE = YES;
				MACOSX_DEPLOYMENT_TARGET = 15.5;
				MARKETING_VERSION = 1.0;
				PRODUCT_BUNDLE_IDENTIFIER = "perpetual-s-Inc.GemiTests";
				PRODUCT_NAME = "$(TARGET_NAME)";
				SWIFT_EMIT_LOC_STRINGS = NO;
				SWIFT_VERSION = 5.0;
				TEST_HOST = "$(BUILT_PRODUCTS_DIR)/Gemi.app/$(BUNDLE_EXECUTABLE_FOLDER_PATH)/Gemi";
			};
			name = Release;
		};
		8C5A7DBB2E10D1EE00FEAA52 /* Debug */ = {
			isa = XCBuildConfiguration;
			buildSettings = {
				CODE_SIGN_STYLE = Automatic;
				CURRENT_PROJECT_VERSION = 1;
				GENERATE_INFOPLIST_FILE = YES;
				MARKETING_VERSION = 1.0;
				PRODUCT_BUNDLE_IDENTIFIER = "perpetual-s-Inc.GemiUITests";
				PRODUCT_NAME = "$(TARGET_NAME)";
				SWIFT_EMIT_LOC_STRINGS = NO;
				SWIFT_VERSION = 5.0;
				TEST_TARGET_NAME = Gemi;
			};
			name = Debug;
		};
		8C5A7DBC2E10D1EE00FEAA52 /* Release */ = {
			isa = XCBuildConfiguration;
			buildSettings = {
				CODE_SIGN_STYLE = Automatic;
				CURRENT_PROJECT_VERSION = 1;
				GENERATE_INFOPLIST_FILE = YES;
				MARKETING_VERSION = 1.0;
				PRODUCT_BUNDLE_IDENTIFIER = "perpetual-s-Inc.GemiUITests";
				PRODUCT_NAME = "$(TARGET_NAME)";
				SWIFT_EMIT_LOC_STRINGS = NO;
				SWIFT_VERSION = 5.0;
				TEST_TARGET_NAME = Gemi;
			};
			name = Release;
		};
/* End XCBuildConfiguration section */

/* Begin XCConfigurationList section */
		8C5A7D8D2E10D1ED00FEAA52 /* Build configuration list for PBXProject "Gemi" */ = {
			isa = XCConfigurationList;
			buildConfigurations = (
				8C5A7DB22E10D1EE00FEAA52 /* Debug */,
				8C5A7DB32E10D1EE00FEAA52 /* Release */,
			);
			defaultConfigurationIsVisible = 0;
			defaultConfigurationName = Release;
		};
		8C5A7DB42E10D1EE00FEAA52 /* Build configuration list for PBXNativeTarget "Gemi" */ = {
			isa = XCConfigurationList;
			buildConfigurations = (
				8C5A7DB52E10D1EE00FEAA52 /* Debug */,
				8C5A7DB62E10D1EE00FEAA52 /* Release */,
			);
			defaultConfigurationIsVisible = 0;
			defaultConfigurationName = Release;
		};
		8C5A7DB72E10D1EE00FEAA52 /* Build configuration list for PBXNativeTarget "GemiTests" */ = {
			isa = XCConfigurationList;
			buildConfigurations = (
				8C5A7DB82E10D1EE00FEAA52 /* Debug */,
				8C5A7DB92E10D1EE00FEAA52 /* Release */,
			);
			defaultConfigurationIsVisible = 0;
			defaultConfigurationName = Release;
		};
		8C5A7DBA2E10D1EE00FEAA52 /* Build configuration list for PBXNativeTarget "GemiUITests" */ = {
			isa = XCConfigurationList;
			buildConfigurations = (
				8C5A7DBB2E10D1EE00FEAA52 /* Debug */,
				8C5A7DBC2E10D1EE00FEAA52 /* Release */,
			);
			defaultConfigurationIsVisible = 0;
			defaultConfigurationName = Release;
		};
/* End XCConfigurationList section */
	};
	rootObject = 8C5A7D8A2E10D1ED00FEAA52 /* Project object */;
}
